
Microsoft Visual Studio Solution File, Format Version 12.00
# Visual Studio 15
VisualStudioVersion = 15.0.28307.136
MinimumVisualStudioVersion = 10.0.40219.1
Project("{2150E333-8FDC-42A3-9474-1A3956D46DE8}") = "ObserverPattern", "ObserverPattern", "{A5AB9FDF-E8C3-48B4-86B3-F863F272BCB7}"
EndProject
Project("{FAE04EC0-301F-11D3-BF4B-00C04F79EFBC}") = "01 ObserverBasic", "ObserverPattern\01 ObserverBasic\01 ObserverBasic.csproj", "{4CE64382-81BF-49D7-97A0-B716BA3CE034}"
EndProject
Project("{FAE04EC0-301F-11D3-BF4B-00C04F79EFBC}") = "02 ObserverDifferentNotification", "ObserverPattern\02 ObserverDifferentNotification\02 ObserverDifferentNotification.csproj", "{99D55B77-7D3D-409F-B19F-DD747794A00A}"
EndProject
Global
	GlobalSection(SolutionConfigurationPlatforms) = preSolution
		Debug|Any CPU = Debug|Any CPU
		Release|Any CPU = Release|Any CPU
	EndGlobalSection
	GlobalSection(ProjectConfigurationPlatforms) = postSolution
		{4CE64382-81BF-49D7-97A0-B716BA3CE034}.Debug|Any CPU.ActiveCfg = Debug|Any CPU
		{4CE64382-81BF-49D7-97A0-B716BA3CE034}.Debug|Any CPU.Build.0 = Debug|Any CPU
		{4CE64382-81BF-49D7-97A0-B716BA3CE034}.Release|Any CPU.ActiveCfg = Release|Any CPU
		{4CE64382-81BF-49D7-97A0-B716BA3CE034}.Release|Any CPU.Build.0 = Release|Any CPU
		{99D55B77-7D3D-409F-B19F-DD747794A00A}.Debug|Any CPU.ActiveCfg = Debug|Any CPU
		{99D55B77-7D3D-409F-B19F-DD747794A00A}.Debug|Any CPU.Build.0 = Debug|Any CPU
		{99D55B77-7D3D-409F-B19F-DD747794A00A}.Release|Any CPU.ActiveCfg = Release|Any CPU
		{99D55B77-7D3D-409F-B19F-DD747794A00A}.Release|Any CPU.Build.0 = Release|Any CPU
	EndGlobalSection
	GlobalSection(SolutionProperties) = preSolution
		HideSolutionNode = FALSE
	EndGlobalSection
	GlobalSection(NestedProjects) = preSolution
		{4CE64382-81BF-49D7-97A0-B716BA3CE034} = {A5AB9FDF-E8C3-48B4-86B3-F863F272BCB7}
		{99D55B77-7D3D-409F-B19F-DD747794A00A} = {A5AB9FDF-E8C3-48B4-86B3-F863F272BCB7}
	EndGlobalSection
	GlobalSection(ExtensibilityGlobals) = postSolution
		SolutionGuid = {E78F6EE8-E331-4A27-9ED7-6BCFA3245B11}
	EndGlobalSection
EndGlobal
